// !$*UTF8*$!
{
	archiveVersion = 1;
	classes = {
	};
	objectVersion = 46;
	objects = {

/* Begin PBXBuildFile section */
		BA39D5701CCF4CEF00FC9719 /* ZRefreshing.framework in Frameworks */ = {isa = PBXBuildFile; fileRef = BA39D56F1CCF4CE700FC9719 /* ZRefreshing.framework */; };
		BA39D5711CCF4CEF00FC9719 /* ZRefreshing.framework in Embed Frameworks */ = {isa = PBXBuildFile; fileRef = BA39D56F1CCF4CE700FC9719 /* ZRefreshing.framework */; settings = {ATTRIBUTES = (CodeSignOnCopy, RemoveHeadersOnCopy, ); }; };
		BAFCC5DC1CB68C35007C29DE /* AppDelegate.swift in Sources */ = {isa = PBXBuildFile; fileRef = BAFCC5DB1CB68C35007C29DE /* AppDelegate.swift */; };
		BAFCC5DE1CB68C35007C29DE /* ViewController.swift in Sources */ = {isa = PBXBuildFile; fileRef = BAFCC5DD1CB68C35007C29DE /* ViewController.swift */; };
		BAFCC5E11CB68C35007C29DE /* Main.storyboard in Resources */ = {isa = PBXBuildFile; fileRef = BAFCC5DF1CB68C35007C29DE /* Main.storyboard */; };
		BAFCC5E31CB68C35007C29DE /* Assets.xcassets in Resources */ = {isa = PBXBuildFile; fileRef = BAFCC5E21CB68C35007C29DE /* Assets.xcassets */; };
		BAFCC5E61CB68C36007C29DE /* LaunchScreen.storyboard in Resources */ = {isa = PBXBuildFile; fileRef = BAFCC5E41CB68C36007C29DE /* LaunchScreen.storyboard */; };
/* End PBXBuildFile section */

/* Begin PBXContainerItemProxy section */
		BA39D56E1CCF4CE700FC9719 /* PBXContainerItemProxy */ = {
			isa = PBXContainerItemProxy;
			containerPortal = BA39D56A1CCF4CE700FC9719 /* ZRefreshing.xcodeproj */;
			proxyType = 2;
			remoteGlobalIDString = BAFCC5F71CB68C4F007C29DE;
			remoteInfo = ZRefreshing;
		};
		BA39D5721CCF4CEF00FC9719 /* PBXContainerItemProxy */ = {
			isa = PBXContainerItemProxy;
			containerPortal = BA39D56A1CCF4CE700FC9719 /* ZRefreshing.xcodeproj */;
			proxyType = 1;
			remoteGlobalIDString = BAFCC5F61CB68C4F007C29DE;
			remoteInfo = ZRefreshing;
		};
/* End PBXContainerItemProxy section */

/* Begin PBXCopyFilesBuildPhase section */
		BA39D5741CCF4CEF00FC9719 /* Embed Frameworks */ = {
			isa = PBXCopyFilesBuildPhase;
			buildActionMask = 2147483647;
			dstPath = "";
			dstSubfolderSpec = 10;
			files = (
				BA39D5711CCF4CEF00FC9719 /* ZRefreshing.framework in Embed Frameworks */,
			);
			name = "Embed Frameworks";
			runOnlyForDeploymentPostprocessing = 0;
		};
/* End PBXCopyFilesBuildPhase section */

/* Begin PBXFileReference section */
		AA517CDF496F6D9AEE72B936 /* Pods-ZRefreshingExample.debug.xcconfig */ = {isa = PBXFileReference; includeInIndex = 1; lastKnownFileType = text.xcconfig; name = "Pods-ZRefreshingExample.debug.xcconfig"; path = "Pods/Target Support Files/Pods-ZRefreshingExample/Pods-ZRefreshingExample.debug.xcconfig"; sourceTree = "<group>"; };
		B00DF55C1D18447C4F483450 /* Pods-ZRefreshingExample.release.xcconfig */ = {isa = PBXFileReference; includeInIndex = 1; lastKnownFileType = text.xcconfig; name = "Pods-ZRefreshingExample.release.xcconfig"; path = "Pods/Target Support Files/Pods-ZRefreshingExample/Pods-ZRefreshingExample.release.xcconfig"; sourceTree = "<group>"; };
		BA07C06F85C7A837579CED44 /* Pods_ZRefreshingExample.framework */ = {isa = PBXFileReference; explicitFileType = wrapper.framework; includeInIndex = 0; path = Pods_ZRefreshingExample.framework; sourceTree = BUILT_PRODUCTS_DIR; };
		BA39D56A1CCF4CE700FC9719 /* ZRefreshing.xcodeproj */ = {isa = PBXFileReference; lastKnownFileType = "wrapper.pb-project"; name = ZRefreshing.xcodeproj; path = ../../ZRefreshing.xcodeproj; sourceTree = "<group>"; };
		BAFCC5D81CB68C35007C29DE /* ZRefreshingExample.app */ = {isa = PBXFileReference; explicitFileType = wrapper.application; includeInIndex = 0; path = ZRefreshingExample.app; sourceTree = BUILT_PRODUCTS_DIR; };
		BAFCC5DB1CB68C35007C29DE /* AppDelegate.swift */ = {isa = PBXFileReference; lastKnownFileType = sourcecode.swift; path = AppDelegate.swift; sourceTree = "<group>"; };
		BAFCC5DD1CB68C35007C29DE /* ViewController.swift */ = {isa = PBXFileReference; lastKnownFileType = sourcecode.swift; path = ViewController.swift; sourceTree = "<group>"; };
		BAFCC5E01CB68C35007C29DE /* Base */ = {isa = PBXFileReference; lastKnownFileType = file.storyboard; name = Base; path = Base.lproj/Main.storyboard; sourceTree = "<group>"; };
		BAFCC5E21CB68C35007C29DE /* Assets.xcassets */ = {isa = PBXFileReference; lastKnownFileType = folder.assetcatalog; path = Assets.xcassets; sourceTree = "<group>"; };
		BAFCC5E51CB68C36007C29DE /* Base */ = {isa = PBXFileReference; lastKnownFileType = file.storyboard; name = Base; path = Base.lproj/LaunchScreen.storyboard; sourceTree = "<group>"; };
		BAFCC5E71CB68C36007C29DE /* Info.plist */ = {isa = PBXFileReference; lastKnownFileType = text.plist.xml; path = Info.plist; sourceTree = "<group>"; };
/* End PBXFileReference section */

/* Begin PBXFrameworksBuildPhase section */
		BAFCC5D51CB68C35007C29DE /* Frameworks */ = {
			isa = PBXFrameworksBuildPhase;
			buildActionMask = 2147483647;
			files = (
				BA39D5701CCF4CEF00FC9719 /* ZRefreshing.framework in Frameworks */,
			);
			runOnlyForDeploymentPostprocessing = 0;
		};
/* End PBXFrameworksBuildPhase section */

/* Begin PBXGroup section */
		2902F940D8A483F5E95FCC3C /* Pods */ = {
			isa = PBXGroup;
			children = (
				AA517CDF496F6D9AEE72B936 /* Pods-ZRefreshingExample.debug.xcconfig */,
				B00DF55C1D18447C4F483450 /* Pods-ZRefreshingExample.release.xcconfig */,
			);
			name = Pods;
			sourceTree = "<group>";
		};
		BA39D56B1CCF4CE700FC9719 /* Products */ = {
			isa = PBXGroup;
			children = (
				BA39D56F1CCF4CE700FC9719 /* ZRefreshing.framework */,
			);
			name = Products;
			sourceTree = "<group>";
		};
		BAFCC5CF1CB68C35007C29DE = {
			isa = PBXGroup;
			children = (
				BAFCC5DA1CB68C35007C29DE /* ZRefreshingExample */,
				BAFCC5D91CB68C35007C29DE /* Products */,
				2902F940D8A483F5E95FCC3C /* Pods */,
				EA5D9AADE9973EC172400B72 /* Frameworks */,
			);
			sourceTree = "<group>";
		};
		BAFCC5D91CB68C35007C29DE /* Products */ = {
			isa = PBXGroup;
			children = (
				BAFCC5D81CB68C35007C29DE /* ZRefreshingExample.app */,
			);
			name = Products;
			sourceTree = "<group>";
		};
		BAFCC5DA1CB68C35007C29DE /* ZRefreshingExample */ = {
			isa = PBXGroup;
			children = (
				BA39D56A1CCF4CE700FC9719 /* ZRefreshing.xcodeproj */,
				BAFCC5DB1CB68C35007C29DE /* AppDelegate.swift */,
				BAFCC5DD1CB68C35007C29DE /* ViewController.swift */,
				BAFCC5DF1CB68C35007C29DE /* Main.storyboard */,
				BAFCC5E21CB68C35007C29DE /* Assets.xcassets */,
				BAFCC5E41CB68C36007C29DE /* LaunchScreen.storyboard */,
				BAFCC5E71CB68C36007C29DE /* Info.plist */,
			);
			path = ZRefreshingExample;
			sourceTree = "<group>";
		};
		EA5D9AADE9973EC172400B72 /* Frameworks */ = {
			isa = PBXGroup;
			children = (
				BA07C06F85C7A837579CED44 /* Pods_ZRefreshingExample.framework */,
			);
			name = Frameworks;
			sourceTree = "<group>";
		};
/* End PBXGroup section */

/* Begin PBXNativeTarget section */
		BAFCC5D71CB68C35007C29DE /* ZRefreshingExample */ = {
			isa = PBXNativeTarget;
			buildConfigurationList = BAFCC5EA1CB68C36007C29DE /* Build configuration list for PBXNativeTarget "ZRefreshingExample" */;
			buildPhases = (
				33ADE10FE42A32F8C3F9E967 /* 📦 Check Pods Manifest.lock */,
				BAFCC5D41CB68C35007C29DE /* Sources */,
				BAFCC5D51CB68C35007C29DE /* Frameworks */,
				BAFCC5D61CB68C35007C29DE /* Resources */,
				3477C815D95A300CDB97F775 /* 📦 Embed Pods Frameworks */,
				82A81B2C15D8AC4F796B22A7 /* 📦 Copy Pods Resources */,
				BA39D5741CCF4CEF00FC9719 /* Embed Frameworks */,
			);
			buildRules = (
			);
			dependencies = (
				BA39D5731CCF4CEF00FC9719 /* PBXTargetDependency */,
			);
			name = ZRefreshingExample;
			productName = ZRefreshingExample;
			productReference = BAFCC5D81CB68C35007C29DE /* ZRefreshingExample.app */;
			productType = "com.apple.product-type.application";
		};
/* End PBXNativeTarget section */

/* Begin PBXProject section */
		BAFCC5D01CB68C35007C29DE /* Project object */ = {
			isa = PBXProject;
			attributes = {
				LastSwiftUpdateCheck = 0730;
				LastUpgradeCheck = 0730;
				ORGANIZATIONNAME = ZhangZZZZ;
				TargetAttributes = {
					BAFCC5D71CB68C35007C29DE = {
						CreatedOnToolsVersion = 7.3;
					};
				};
			};
			buildConfigurationList = BAFCC5D31CB68C35007C29DE /* Build configuration list for PBXProject "ZRefreshingExample" */;
			compatibilityVersion = "Xcode 3.2";
			developmentRegion = English;
			hasScannedForEncodings = 0;
			knownRegions = (
				en,
				Base,
			);
			mainGroup = BAFCC5CF1CB68C35007C29DE;
			productRefGroup = BAFCC5D91CB68C35007C29DE /* Products */;
			projectDirPath = "";
			projectReferences = (
				{
					ProductGroup = BA39D56B1CCF4CE700FC9719 /* Products */;
					ProjectRef = BA39D56A1CCF4CE700FC9719 /* ZRefreshing.xcodeproj */;
				},
			);
			projectRoot = "";
			targets = (
				BAFCC5D71CB68C35007C29DE /* ZRefreshingExample */,
			);
		};
/* End PBXProject section */

/* Begin PBXReferenceProxy section */
		BA39D56F1CCF4CE700FC9719 /* ZRefreshing.framework */ = {
			isa = PBXReferenceProxy;
			fileType = wrapper.framework;
			path = ZRefreshing.framework;
			remoteRef = BA39D56E1CCF4CE700FC9719 /* PBXContainerItemProxy */;
			sourceTree = BUILT_PRODUCTS_DIR;
		};
/* End PBXReferenceProxy section */

/* Begin PBXResourcesBuildPhase section */
		BAFCC5D61CB68C35007C29DE /* Resources */ = {
			isa = PBXResourcesBuildPhase;
			buildActionMask = 2147483647;
			files = (
				BAFCC5E61CB68C36007C29DE /* LaunchScreen.storyboard in Resources */,
				BAFCC5E31CB68C35007C29DE /* Assets.xcassets in Resources */,
				BAFCC5E11CB68C35007C29DE /* Main.storyboard in Resources */,
			);
			runOnlyForDeploymentPostprocessing = 0;
		};
/* End PBXResourcesBuildPhase section */

/* Begin PBXShellScriptBuildPhase section */
		33ADE10FE42A32F8C3F9E967 /* 📦 Check Pods Manifest.lock */ = {
			isa = PBXShellScriptBuildPhase;
			buildActionMask = 2147483647;
			files = (
			);
			inputPaths = (
			);
			name = "📦 Check Pods Manifest.lock";
			outputPaths = (
			);
			runOnlyForDeploymentPostprocessing = 0;
			shellPath = /bin/sh;
			shellScript = "diff \"${PODS_ROOT}/../Podfile.lock\" \"${PODS_ROOT}/Manifest.lock\" > /dev/null\nif [[ $? != 0 ]] ; then\n    cat << EOM\nerror: The sandbox is not in sync with the Podfile.lock. Run 'pod install' or update your CocoaPods installation.\nEOM\n    exit 1\nfi\n";
			showEnvVarsInLog = 0;
		};
		3477C815D95A300CDB97F775 /* 📦 Embed Pods Frameworks */ = {
			isa = PBXShellScriptBuildPhase;
			buildActionMask = 2147483647;
			files = (
			);
			inputPaths = (
			);
			name = "📦 Embed Pods Frameworks";
			outputPaths = (
			);
			runOnlyForDeploymentPostprocessing = 0;
			shellPath = /bin/sh;
			shellScript = "\"${SRCROOT}/Pods/Target Support Files/Pods-ZRefreshingExample/Pods-ZRefreshingExample-frameworks.sh\"\n";
			showEnvVarsInLog = 0;
		};
		82A81B2C15D8AC4F796B22A7 /* 📦 Copy Pods Resources */ = {
			isa = PBXShellScriptBuildPhase;
			buildActionMask = 2147483647;
			files = (
			);
			inputPaths = (
			);
			name = "📦 Copy Pods Resources";
			outputPaths = (
			);
			runOnlyForDeploymentPostprocessing = 0;
			shellPath = /bin/sh;
			shellScript = "\"${SRCROOT}/Pods/Target Support Files/Pods-ZRefreshingExample/Pods-ZRefreshingExample-resources.sh\"\n";
			showEnvVarsInLog = 0;
		};
/* End PBXShellScriptBuildPhase section */

/* Begin PBXSourcesBuildPhase section */
		BAFCC5D41CB68C35007C29DE /* Sources */ = {
			isa = PBXSourcesBuildPhase;
			buildActionMask = 2147483647;
			files = (
				BAFCC5DE1CB68C35007C29DE /* ViewController.swift in Sources */,
				BAFCC5DC1CB68C35007C29DE /* AppDelegate.swift in Sources */,
			);
			runOnlyForDeploymentPostprocessing = 0;
		};
/* End PBXSourcesBuildPhase section */

/* Begin PBXTargetDependency section */
		BA39D5731CCF4CEF00FC9719 /* PBXTargetDependency */ = {
			isa = PBXTargetDependency;
			name = ZRefreshing;
			targetProxy = BA39D5721CCF4CEF00FC9719 /* PBXContainerItemProxy */;
		};
/* End PBXTargetDependency section */

/* Begin PBXVariantGroup section */
		BAFCC5DF1CB68C35007C29DE /* Main.storyboard */ = {
			isa = PBXVariantGroup;
			children = (
				BAFCC5E01CB68C35007C29DE /* Base */,
			);
			name = Main.storyboard;
			sourceTree = "<group>";
		};
		BAFCC5E41CB68C36007C29DE /* LaunchScreen.storyboard */ = {
			isa = PBXVariantGroup;
			children = (
				BAFCC5E51CB68C36007C29DE /* Base */,
			);
			name = LaunchScreen.storyboard;
			sourceTree = "<group>";
		};
/* End PBXVariantGroup section */

/* Begin XCBuildConfiguration section */
		BAFCC5E81CB68C36007C29DE /* Debug */ = {
			isa = XCBuildConfiguration;
			buildSettings = {
				ALWAYS_SEARCH_USER_PATHS = NO;
				CLANG_ANALYZER_NONNULL = YES;
				CLANG_CXX_LANGUAGE_STANDARD = "gnu++0x";
				CLANG_CXX_LIBRARY = "libc++";
				CLANG_ENABLE_MODULES = YES;
				CLANG_ENABLE_OBJC_ARC = YES;
				CLANG_WARN_BOOL_CONVERSION = YES;
				CLANG_WARN_CONSTANT_CONVERSION = YES;
				CLANG_WARN_DIRECT_OBJC_ISA_USAGE = YES_ERROR;
				CLANG_WARN_EMPTY_BODY = YES;
				CLANG_WARN_ENUM_CONVERSION = YES;
				CLANG_WARN_INT_CONVERSION = YES;
				CLANG_WARN_OBJC_ROOT_CLASS = YES_ERROR;
				CLANG_WARN_UNREACHABLE_CODE = YES;
				CLANG_WARN__DUPLICATE_METHOD_MATCH = YES;
				"CODE_SIGN_IDENTITY[sdk=iphoneos*]" = "iPhone Developer";
				COPY_PHASE_STRIP = NO;
				DEBUG_INFORMATION_FORMAT = dwarf;
				ENABLE_STRICT_OBJC_MSGSEND = YES;
				ENABLE_TESTABILITY = YES;
				GCC_C_LANGUAGE_STANDARD = gnu99;
				GCC_DYNAMIC_NO_PIC = NO;
				GCC_NO_COMMON_BLOCKS = YES;
				GCC_OPTIMIZATION_LEVEL = 0;
				GCC_PREPROCESSOR_DEFINITIONS = (
					"DEBUG=1",
					"$(inherited)",
				);
				GCC_WARN_64_TO_32_BIT_CONVERSION = YES;
				GCC_WARN_ABOUT_RETURN_TYPE = YES_ERROR;
				GCC_WARN_UNDECLARED_SELECTOR = YES;
				GCC_WARN_UNINITIALIZED_AUTOS = YES_AGGRESSIVE;
				GCC_WARN_UNUSED_FUNCTION = YES;
				GCC_WARN_UNUSED_VARIABLE = YES;
				IPHONEOS_DEPLOYMENT_TARGET = 9.3;
				MTL_ENABLE_DEBUG_INFO = YES;
				ONLY_ACTIVE_ARCH = YES;
				SDKROOT = iphoneos;
				SWIFT_OPTIMIZATION_LEVEL = "-Onone";
			};
			name = Debug;
		};
		BAFCC5E91CB68C36007C29DE /* Release */ = {
			isa = XCBuildConfiguration;
			buildSettings = {
				ALWAYS_SEARCH_USER_PATHS = NO;
				CLANG_ANALYZER_NONNULL = YES;
				CLANG_CXX_LANGUAGE_STANDARD = "gnu++0x";
				CLANG_CXX_LIBRARY = "libc++";
				CLANG_ENABLE_MODULES = YES;
				CLANG_ENABLE_OBJC_ARC = YES;
				CLANG_WARN_BOOL_CONVERSION = YES;
				CLANG_WARN_CONSTANT_CONVERSION = YES;
				CLANG_WARN_DIRECT_OBJC_ISA_USAGE = YES_ERROR;
				CLANG_WARN_EMPTY_BODY = YES;
				CLANG_WARN_ENUM_CONVERSION = YES;
				CLANG_WARN_INT_CONVERSION = YES;
				CLANG_WARN_OBJC_ROOT_CLASS = YES_ERROR;
				CLANG_WARN_UNREACHABLE_CODE = YES;
				CLANG_WARN__DUPLICATE_METHOD_MATCH = YES;
				"CODE_SIGN_IDENTITY[sdk=iphoneos*]" = "iPhone Developer";
				COPY_PHASE_STRIP = NO;
				DEBUG_INFORMATION_FORMAT = "dwarf-with-dsym";
				ENABLE_NS_ASSERTIONS = NO;
				ENABLE_STRICT_OBJC_MSGSEND = YES;
				GCC_C_LANGUAGE_STANDARD = gnu99;
				GCC_NO_COMMON_BLOCKS = YES;
				GCC_WARN_64_TO_32_BIT_CONVERSION = YES;
				GCC_WARN_ABOUT_RETURN_TYPE = YES_ERROR;
				GCC_WARN_UNDECLARED_SELECTOR = YES;
				GCC_WARN_UNINITIALIZED_AUTOS = YES_AGGRESSIVE;
				GCC_WARN_UNUSED_FUNCTION = YES;
				GCC_WARN_UNUSED_VARIABLE = YES;
				IPHONEOS_DEPLOYMENT_TARGET = 9.3;
				MTL_ENABLE_DEBUG_INFO = NO;
				SDKROOT = iphoneos;
				VALIDATE_PRODUCT = YES;
			};
			name = Release;
		};
		BAFCC5EB1CB68C36007C29DE /* Debug */ = {
			isa = XCBuildConfiguration;
			baseConfigurationReference = AA517CDF496F6D9AEE72B936 /* Pods-ZRefreshingExample.debug.xcconfig */;
			buildSettings = {
				ASSETCATALOG_COMPILER_APPICON_NAME = AppIcon;
				EMBEDDED_CONTENT_CONTAINS_SWIFT = YES;
				INFOPLIST_FILE = ZRefreshingExample/Info.plist;
				LD_RUNPATH_SEARCH_PATHS = "$(inherited) @executable_path/Frameworks";
				PRODUCT_BUNDLE_IDENTIFIER = com.zero.ZRefreshingExample;
				PRODUCT_NAME = "$(TARGET_NAME)";
			};
			name = Debug;
		};
		BAFCC5EC1CB68C36007C29DE /* Release */ = {
			isa = XCBuildConfiguration;
			baseConfigurationReference = B00DF55C1D18447C4F483450 /* Pods-ZRefreshingExample.release.xcconfig */;
			buildSettings = {
				ASSETCATALOG_COMPILER_APPICON_NAME = AppIcon;
				EMBEDDED_CONTENT_CONTAINS_SWIFT = YES;
				INFOPLIST_FILE = ZRefreshingExample/Info.plist;
				LD_RUNPATH_SEARCH_PATHS = "$(inherited) @executable_path/Frameworks";
				PRODUCT_BUNDLE_IDENTIFIER = com.zero.ZRefreshingExample;
				PRODUCT_NAME = "$(TARGET_NAME)";
			};
			name = Release;
		};
/* End XCBuildConfiguration section */

/* Begin XCConfigurationList section */
		BAFCC5D31CB68C35007C29DE /* Build configuration list for PBXProject "ZRefreshingExample" */ = {
			isa = XCConfigurationList;
			buildConfigurations = (
				BAFCC5E81CB68C36007C29DE /* Debug */,
				BAFCC5E91CB68C36007C29DE /* Release */,
			);
			defaultConfigurationIsVisible = 0;
			defaultConfigurationName = Release;
		};
		BAFCC5EA1CB68C36007C29DE /* Build configuration list for PBXNativeTarget "ZRefreshingExample" */ = {
			isa = XCConfigurationList;
			buildConfigurations = (
				BAFCC5EB1CB68C36007C29DE /* Debug */,
				BAFCC5EC1CB68C36007C29DE /* Release */,
			);
			defaultConfigurationIsVisible = 0;
			defaultConfigurationName = Release;
		};
/* End XCConfigurationList section */
	};
	rootObject = BAFCC5D01CB68C35007C29DE /* Project object */;
}
